
Microsoft Visual Studio Solution File, Format Version 12.00
# Visual Studio 2012
Project("{8BC9CEB8-8B4A-11D0-8D11-00A0C91BC942}") = "ch01-Window", "ch01-Window\ch01-Window.vcxproj", "{AC989328-1573-443D-8C19-A2777FEF8D44}"
EndProject
Project("{8BC9CEB8-8B4A-11D0-8D11-00A0C91BC942}") = "ch02-Init-DirectX", "ch02-Init-DirectX\ch02-Init-DirectX.vcxproj", "{9712E435-3359-42A9-8671-8EF996914FB1}"
EndProject
Project("{8BC9CEB8-8B4A-11D0-8D11-00A0C91BC942}") = "ch03-Triangle", "ch03-Triangle\ch03-Triangle.vcxproj", "{6A2E049E-EBBE-48E7-B4D2-E16BCBD3DDAC}"
EndProject
Project("{8BC9CEB8-8B4A-11D0-8D11-00A0C91BC942}") = "ch04-Color", "ch04-Color\ch04-Color.vcxproj", "{258F0BF2-310B-4920-8DED-EC920BA22A52}"
EndProject
Project("{8BC9CEB8-8B4A-11D0-8D11-00A0C91BC942}") = "ch05-Indices", "ch05-Indices\ch05-Indices.vcxproj", "{BA864CDD-2F2D-448E-AEEA-4304BEF53BB8}"
EndProject
Project("{8BC9CEB8-8B4A-11D0-8D11-00A0C91BC942}") = "ch06-Depth", "ch06-Depth\ch06-Depth.vcxproj", "{1A8CAB71-3E05-4AB5-8F5B-8EAC85998ACE}"
EndProject
Project("{8BC9CEB8-8B4A-11D0-8D11-00A0C91BC942}") = "ch07-MVP", "ch07-MVP\ch07-MVP.vcxproj", "{2BD6651E-4BBF-472E-B70F-A01C3AD1D2F0}"
EndProject
Project("{8BC9CEB8-8B4A-11D0-8D11-00A0C91BC942}") = "ch08-Transform", "ch08-Transform\ch08-Transform.vcxproj", "{B42214B9-4674-4DAC-A01F-9049222F0170}"
EndProject
Project("{8BC9CEB8-8B4A-11D0-8D11-00A0C91BC942}") = "ch09-Render-States", "ch09-Render-States\ch09-Render-States.vcxproj", "{A5C8E262-ED3F-4803-BBD7-51B74D74FA74}"
EndProject
Project("{8BC9CEB8-8B4A-11D0-8D11-00A0C91BC942}") = "ch10-Texture", "ch10-Texture\ch10-Texture.vcxproj", "{B36DB304-DF8E-4186-B1E2-83133FAA2258}"
EndProject
Project("{8BC9CEB8-8B4A-11D0-8D11-00A0C91BC942}") = "ch11-Blending", "ch11-Blending\ch11-Blending.vcxproj", "{269B9C83-71B8-46C8-8320-3CF21376C411}"
EndProject
Project("{8BC9CEB8-8B4A-11D0-8D11-00A0C91BC942}") = "ch12-Pixel-Clipping", "ch12-Pixel-Clipping\ch12-Pixel-Clipping.vcxproj", "{82AA6987-8982-46DF-BF9F-0EA0AB079D70}"
EndProject
Project("{8BC9CEB8-8B4A-11D0-8D11-00A0C91BC942}") = "ch13-Font", "ch13-Font\ch13-Font.vcxproj", "{47A653F9-8688-472A-9EB4-C24473558304}"
EndProject
Project("{8BC9CEB8-8B4A-11D0-8D11-00A0C91BC942}") = "test", "test\test.vcxproj", "{0311C000-F2B0-4444-ADDA-E688854C5350}"
EndProject
Global
	GlobalSection(SolutionConfigurationPlatforms) = preSolution
		Debug|Win32 = Debug|Win32
		Release|Win32 = Release|Win32
	EndGlobalSection
	GlobalSection(ProjectConfigurationPlatforms) = postSolution
		{AC989328-1573-443D-8C19-A2777FEF8D44}.Debug|Win32.ActiveCfg = Debug|Win32
		{AC989328-1573-443D-8C19-A2777FEF8D44}.Debug|Win32.Build.0 = Debug|Win32
		{AC989328-1573-443D-8C19-A2777FEF8D44}.Release|Win32.ActiveCfg = Release|Win32
		{AC989328-1573-443D-8C19-A2777FEF8D44}.Release|Win32.Build.0 = Release|Win32
		{9712E435-3359-42A9-8671-8EF996914FB1}.Debug|Win32.ActiveCfg = Debug|Win32
		{9712E435-3359-42A9-8671-8EF996914FB1}.Debug|Win32.Build.0 = Debug|Win32
		{9712E435-3359-42A9-8671-8EF996914FB1}.Release|Win32.ActiveCfg = Release|Win32
		{9712E435-3359-42A9-8671-8EF996914FB1}.Release|Win32.Build.0 = Release|Win32
		{6A2E049E-EBBE-48E7-B4D2-E16BCBD3DDAC}.Debug|Win32.ActiveCfg = Debug|Win32
		{6A2E049E-EBBE-48E7-B4D2-E16BCBD3DDAC}.Debug|Win32.Build.0 = Debug|Win32
		{6A2E049E-EBBE-48E7-B4D2-E16BCBD3DDAC}.Release|Win32.ActiveCfg = Release|Win32
		{6A2E049E-EBBE-48E7-B4D2-E16BCBD3DDAC}.Release|Win32.Build.0 = Release|Win32
		{258F0BF2-310B-4920-8DED-EC920BA22A52}.Debug|Win32.ActiveCfg = Debug|Win32
		{258F0BF2-310B-4920-8DED-EC920BA22A52}.Debug|Win32.Build.0 = Debug|Win32
		{258F0BF2-310B-4920-8DED-EC920BA22A52}.Release|Win32.ActiveCfg = Release|Win32
		{258F0BF2-310B-4920-8DED-EC920BA22A52}.Release|Win32.Build.0 = Release|Win32
		{BA864CDD-2F2D-448E-AEEA-4304BEF53BB8}.Debug|Win32.ActiveCfg = Debug|Win32
		{BA864CDD-2F2D-448E-AEEA-4304BEF53BB8}.Debug|Win32.Build.0 = Debug|Win32
		{BA864CDD-2F2D-448E-AEEA-4304BEF53BB8}.Release|Win32.ActiveCfg = Release|Win32
		{BA864CDD-2F2D-448E-AEEA-4304BEF53BB8}.Release|Win32.Build.0 = Release|Win32
		{1A8CAB71-3E05-4AB5-8F5B-8EAC85998ACE}.Debug|Win32.ActiveCfg = Debug|Win32
		{1A8CAB71-3E05-4AB5-8F5B-8EAC85998ACE}.Debug|Win32.Build.0 = Debug|Win32
		{1A8CAB71-3E05-4AB5-8F5B-8EAC85998ACE}.Release|Win32.ActiveCfg = Release|Win32
		{1A8CAB71-3E05-4AB5-8F5B-8EAC85998ACE}.Release|Win32.Build.0 = Release|Win32
		{2BD6651E-4BBF-472E-B70F-A01C3AD1D2F0}.Debug|Win32.ActiveCfg = Debug|Win32
		{2BD6651E-4BBF-472E-B70F-A01C3AD1D2F0}.Debug|Win32.Build.0 = Debug|Win32
		{2BD6651E-4BBF-472E-B70F-A01C3AD1D2F0}.Release|Win32.ActiveCfg = Release|Win32
		{2BD6651E-4BBF-472E-B70F-A01C3AD1D2F0}.Release|Win32.Build.0 = Release|Win32
		{B42214B9-4674-4DAC-A01F-9049222F0170}.Debug|Win32.ActiveCfg = Debug|Win32
		{B42214B9-4674-4DAC-A01F-9049222F0170}.Debug|Win32.Build.0 = Debug|Win32
		{B42214B9-4674-4DAC-A01F-9049222F0170}.Release|Win32.ActiveCfg = Release|Win32
		{B42214B9-4674-4DAC-A01F-9049222F0170}.Release|Win32.Build.0 = Release|Win32
		{A5C8E262-ED3F-4803-BBD7-51B74D74FA74}.Debug|Win32.ActiveCfg = Debug|Win32
		{A5C8E262-ED3F-4803-BBD7-51B74D74FA74}.Debug|Win32.Build.0 = Debug|Win32
		{A5C8E262-ED3F-4803-BBD7-51B74D74FA74}.Release|Win32.ActiveCfg = Release|Win32
		{A5C8E262-ED3F-4803-BBD7-51B74D74FA74}.Release|Win32.Build.0 = Release|Win32
		{B36DB304-DF8E-4186-B1E2-83133FAA2258}.Debug|Win32.ActiveCfg = Debug|Win32
		{B36DB304-DF8E-4186-B1E2-83133FAA2258}.Debug|Win32.Build.0 = Debug|Win32
		{B36DB304-DF8E-4186-B1E2-83133FAA2258}.Release|Win32.ActiveCfg = Release|Win32
		{B36DB304-DF8E-4186-B1E2-83133FAA2258}.Release|Win32.Build.0 = Release|Win32
		{269B9C83-71B8-46C8-8320-3CF21376C411}.Debug|Win32.ActiveCfg = Debug|Win32
		{269B9C83-71B8-46C8-8320-3CF21376C411}.Debug|Win32.Build.0 = Debug|Win32
		{269B9C83-71B8-46C8-8320-3CF21376C411}.Release|Win32.ActiveCfg = Release|Win32
		{269B9C83-71B8-46C8-8320-3CF21376C411}.Release|Win32.Build.0 = Release|Win32
		{82AA6987-8982-46DF-BF9F-0EA0AB079D70}.Debug|Win32.ActiveCfg = Debug|Win32
		{82AA6987-8982-46DF-BF9F-0EA0AB079D70}.Debug|Win32.Build.0 = Debug|Win32
		{82AA6987-8982-46DF-BF9F-0EA0AB079D70}.Release|Win32.ActiveCfg = Release|Win32
		{82AA6987-8982-46DF-BF9F-0EA0AB079D70}.Release|Win32.Build.0 = Release|Win32
		{47A653F9-8688-472A-9EB4-C24473558304}.Debug|Win32.ActiveCfg = Debug|Win32
		{47A653F9-8688-472A-9EB4-C24473558304}.Debug|Win32.Build.0 = Debug|Win32
		{47A653F9-8688-472A-9EB4-C24473558304}.Release|Win32.ActiveCfg = Release|Win32
		{47A653F9-8688-472A-9EB4-C24473558304}.Release|Win32.Build.0 = Release|Win32
		{0311C000-F2B0-4444-ADDA-E688854C5350}.Debug|Win32.ActiveCfg = Debug|Win32
		{0311C000-F2B0-4444-ADDA-E688854C5350}.Debug|Win32.Build.0 = Debug|Win32
		{0311C000-F2B0-4444-ADDA-E688854C5350}.Release|Win32.ActiveCfg = Release|Win32
		{0311C000-F2B0-4444-ADDA-E688854C5350}.Release|Win32.Build.0 = Release|Win32
	EndGlobalSection
	GlobalSection(SolutionProperties) = preSolution
		HideSolutionNode = FALSE
	EndGlobalSection
EndGlobal
