
Microsoft Visual Studio Solution File, Format Version 12.00
# Visual Studio 2012
Project("{8BC9CEB8-8B4A-11D0-8D11-00A0C91BC942}") = "ch01-Window", "ch01-Window\ch01-Window.vcxproj", "{AC989328-1573-443D-8C19-A2777FEF8D44}"
EndProject
Project("{8BC9CEB8-8B4A-11D0-8D11-00A0C91BC942}") = "ch02-Init-DirectX", "ch02-Init-DirectX\ch02-Init-DirectX.vcxproj", "{9712E435-3359-42A9-8671-8EF996914FB1}"
EndProject
Project("{8BC9CEB8-8B4A-11D0-8D11-00A0C91BC942}") = "ch03-Triangle", "ch03-Triangle\ch03-Triangle.vcxproj", "{6A2E049E-EBBE-48E7-B4D2-E16BCBD3DDAC}"
EndProject
Project("{8BC9CEB8-8B4A-11D0-8D11-00A0C91BC942}") = "ch04-Color", "ch04-Color\ch04-Color.vcxproj", "{258F0BF2-310B-4920-8DED-EC920BA22A52}"
EndProject
Project("{8BC9CEB8-8B4A-11D0-8D11-00A0C91BC942}") = "ch05-Indices", "ch05-Indices\ch05-Indices.vcxproj", "{BA864CDD-2F2D-448E-AEEA-4304BEF53BB8}"
EndProject
Project("{8BC9CEB8-8B4A-11D0-8D11-00A0C91BC942}") = "ch06-Depth", "ch06-Depth\ch06-Depth.vcxproj", "{1A8CAB71-3E05-4AB5-8F5B-8EAC85998ACE}"
EndProject
Project("{8BC9CEB8-8B4A-11D0-8D11-00A0C91BC942}") = "ch07-MVP", "ch07-MVP\ch07-MVP.vcxproj", "{2BD6651E-4BBF-472E-B70F-A01C3AD1D2F0}"
EndProject
Project("{8BC9CEB8-8B4A-11D0-8D11-00A0C91BC942}") = "ch08-Transform", "ch08-Transform\ch08-Transform.vcxproj", "{B42214B9-4674-4DAC-A01F-9049222F0170}"
EndProject
Project("{8BC9CEB8-8B4A-11D0-8D11-00A0C91BC942}") = "ch09-Render-States", "ch09-Render-States\ch09-Render-States.vcxproj", "{A5C8E262-ED3F-4803-BBD7-51B74D74FA74}"
EndProject
Project("{8BC9CEB8-8B4A-11D0-8D11-00A0C91BC942}") = "ch10-Texture", "ch10-Texture\ch10-Texture.vcxproj", "{B36DB304-DF8E-4186-B1E2-83133FAA2258}"
EndProject
Project("{8BC9CEB8-8B4A-11D0-8D11-00A0C91BC942}") = "ch11-Blending", "ch11-Blending\ch11-Blending.vcxproj", "{269B9C83-71B8-46C8-8320-3CF21376C411}"
EndProject
Project("{8BC9CEB8-8B4A-11D0-8D11-00A0C91BC942}") = "ch12-Pixel-Clipping", "ch12-Pixel-Clipping\ch12-Pixel-Clipping.vcxproj", "{82AA6987-8982-46DF-BF9F-0EA0AB079D70}"
EndProject
Project("{8BC9CEB8-8B4A-11D0-8D11-00A0C91BC942}") = "ch13-Font", "ch13-Font\ch13-Font.vcxproj", "{47A653F9-8688-472A-9EB4-C24473558304}"
EndProject
Project("{8BC9CEB8-8B4A-11D0-8D11-00A0C91BC942}") = "ch14-Timer", "ch14-Timer\ch14-Timer.vcxproj", "{60901217-009B-4368-983F-183E7BEA1670}"
EndProject
Project("{8BC9CEB8-8B4A-11D0-8D11-00A0C91BC942}") = "ch15-Simple-Light", "ch15-Simple-Light\ch15-Simple-Light.vcxproj", "{36964E2D-516C-49FC-8B68-09B2170FD5F5}"
EndProject
Project("{8BC9CEB8-8B4A-11D0-8D11-00A0C91BC942}") = "ch16-Point-Light", "ch16-Point-Light\ch16-Point-Light.vcxproj", "{65CCA5C6-D7E5-4BF8-8E15-2A269792A1A5}"
EndProject
Project("{8BC9CEB8-8B4A-11D0-8D11-00A0C91BC942}") = "ch17-Direct-Input", "ch17-Direct-Input\ch17-Direct-Input.vcxproj", "{77D64836-46DE-47FE-B524-F58D5C501B12}"
EndProject
Project("{8BC9CEB8-8B4A-11D0-8D11-00A0C91BC942}") = "ch18-FP-Camera", "ch18-FP-Camera\ch18-FP-Camera.vcxproj", "{93663CFD-5D90-45C7-BFF6-4E4758E0DF5B}"
EndProject
Project("{8BC9CEB8-8B4A-11D0-8D11-00A0C91BC942}") = "ch19-Cube-Mapping", "ch19-Cube-Mapping\ch19-Cube-Mapping.vcxproj", "{7B544563-E488-4EC1-8474-C1DD137B5FA2}"
EndProject
Project("{8BC9CEB8-8B4A-11D0-8D11-00A0C91BC942}") = "ch20-Spot-Lights", "ch20-Spot-Lights\ch20-Spot-Lights.vcxproj", "{904023A7-FA65-4948-8970-C0063BA282DC}"
EndProject
Project("{8BC9CEB8-8B4A-11D0-8D11-00A0C91BC942}") = "ch21-Load-Model", "ch21-Load-Model\ch21-Load-Model.vcxproj", "{4F6E6360-E660-421E-8A6D-135EC7DAA27D}"
EndProject
Project("{8BC9CEB8-8B4A-11D0-8D11-00A0C91BC942}") = "ch22-Normal-Mapping", "ch22-Normal-Mapping\ch22-Normal-Mapping.vcxproj", "{EE95CA9F-F444-49B6-8F25-778FD27F9DCF}"
EndProject
Project("{8BC9CEB8-8B4A-11D0-8D11-00A0C91BC942}") = "ch23-Picking", "ch23-Picking\ch23-Picking.vcxproj", "{1106F011-DC07-48F1-B1A4-22E479B005AD}"
EndProject
Project("{8BC9CEB8-8B4A-11D0-8D11-00A0C91BC942}") = "ch24-Bounding-Volumes", "ch24-Bounding-Volumes\ch24-Bounding-Volumes.vcxproj", "{42478342-789A-4EFA-92ED-92276AAE5353}"
EndProject
Project("{8BC9CEB8-8B4A-11D0-8D11-00A0C91BC942}") = "ch25-Collision-Detection", "ch25-Collision-Detection\ch25-Collision-Detection.vcxproj", "{07828401-9C77-400D-B620-E24EFBCD9156}"
EndProject
Project("{8BC9CEB8-8B4A-11D0-8D11-00A0C91BC942}") = "ch26-Load-MD5", "ch26-Load-MD5\ch26-Load-MD5.vcxproj", "{12C78B4B-0C31-40A4-BCE3-E0C450C273B9}"
EndProject
Project("{8BC9CEB8-8B4A-11D0-8D11-00A0C91BC942}") = "ch27-Skeletal-Animation", "ch27-Skeletal-Animation\ch27-Skeletal-Animation.vcxproj", "{BEA64575-6141-4163-BF48-19A64533AB99}"
EndProject
Project("{8BC9CEB8-8B4A-11D0-8D11-00A0C91BC942}") = "ch28-FL-Camera", "ch28-FL-Camera\ch28-FL-Camera.vcxproj", "{8AB64354-1EBD-47FB-8E77-AA2536057DED}"
EndProject
Project("{8BC9CEB8-8B4A-11D0-8D11-00A0C91BC942}") = "ch29-Terrian", "ch29-Terrian\ch29-Terrian.vcxproj", "{9E406CD2-2447-44BB-BBBD-BEB5419D983D}"
EndProject
Project("{8BC9CEB8-8B4A-11D0-8D11-00A0C91BC942}") = "ch30-Silding-Camera", "ch30-Silding-Camera\ch30-Silding-Camera.vcxproj", "{27637B22-09F0-47D2-A024-1C4C751BC9F4}"
EndProject
Project("{8BC9CEB8-8B4A-11D0-8D11-00A0C91BC942}") = "ch31-3rd-Camera", "ch31-3rd-Camera\ch31-3rd-Camera.vcxproj", "{D5CCA460-3DDB-4E6F-8828-9378DAA804BC}"
EndProject
Project("{8BC9CEB8-8B4A-11D0-8D11-00A0C91BC942}") = "ch32-Instancing", "ch32-Instancing\ch32-Instancing.vcxproj", "{44ECBC21-172B-4530-86BB-89E243414FD8}"
EndProject
Project("{8BC9CEB8-8B4A-11D0-8D11-00A0C91BC942}") = "ch33-AABB", "ch33-AABB\ch33-AABB.vcxproj", "{4EC7FBFA-9443-47B8-8594-02F640E28048}"
EndProject
Project("{8BC9CEB8-8B4A-11D0-8D11-00A0C91BC942}") = "ch34-Render-To-Texture", "ch34-Render-To-Texture\ch34-Render-To-Texture.vcxproj", "{206907BC-E0F5-478B-AB11-A9D03ADF4E2A}"
EndProject
Project("{8BC9CEB8-8B4A-11D0-8D11-00A0C91BC942}") = "ch35-Billboarding", "ch35-Billboarding\ch35-Billboarding.vcxproj", "{0883AF03-89EA-4F0D-A00B-053A3AE7295E}"
EndProject
Global
	GlobalSection(SolutionConfigurationPlatforms) = preSolution
		Debug|Win32 = Debug|Win32
		Release|Win32 = Release|Win32
	EndGlobalSection
	GlobalSection(ProjectConfigurationPlatforms) = postSolution
		{AC989328-1573-443D-8C19-A2777FEF8D44}.Debug|Win32.ActiveCfg = Debug|Win32
		{AC989328-1573-443D-8C19-A2777FEF8D44}.Debug|Win32.Build.0 = Debug|Win32
		{AC989328-1573-443D-8C19-A2777FEF8D44}.Release|Win32.ActiveCfg = Release|Win32
		{AC989328-1573-443D-8C19-A2777FEF8D44}.Release|Win32.Build.0 = Release|Win32
		{9712E435-3359-42A9-8671-8EF996914FB1}.Debug|Win32.ActiveCfg = Debug|Win32
		{9712E435-3359-42A9-8671-8EF996914FB1}.Debug|Win32.Build.0 = Debug|Win32
		{9712E435-3359-42A9-8671-8EF996914FB1}.Release|Win32.ActiveCfg = Release|Win32
		{9712E435-3359-42A9-8671-8EF996914FB1}.Release|Win32.Build.0 = Release|Win32
		{6A2E049E-EBBE-48E7-B4D2-E16BCBD3DDAC}.Debug|Win32.ActiveCfg = Debug|Win32
		{6A2E049E-EBBE-48E7-B4D2-E16BCBD3DDAC}.Debug|Win32.Build.0 = Debug|Win32
		{6A2E049E-EBBE-48E7-B4D2-E16BCBD3DDAC}.Release|Win32.ActiveCfg = Release|Win32
		{6A2E049E-EBBE-48E7-B4D2-E16BCBD3DDAC}.Release|Win32.Build.0 = Release|Win32
		{258F0BF2-310B-4920-8DED-EC920BA22A52}.Debug|Win32.ActiveCfg = Debug|Win32
		{258F0BF2-310B-4920-8DED-EC920BA22A52}.Debug|Win32.Build.0 = Debug|Win32
		{258F0BF2-310B-4920-8DED-EC920BA22A52}.Release|Win32.ActiveCfg = Release|Win32
		{258F0BF2-310B-4920-8DED-EC920BA22A52}.Release|Win32.Build.0 = Release|Win32
		{BA864CDD-2F2D-448E-AEEA-4304BEF53BB8}.Debug|Win32.ActiveCfg = Debug|Win32
		{BA864CDD-2F2D-448E-AEEA-4304BEF53BB8}.Debug|Win32.Build.0 = Debug|Win32
		{BA864CDD-2F2D-448E-AEEA-4304BEF53BB8}.Release|Win32.ActiveCfg = Release|Win32
		{BA864CDD-2F2D-448E-AEEA-4304BEF53BB8}.Release|Win32.Build.0 = Release|Win32
		{1A8CAB71-3E05-4AB5-8F5B-8EAC85998ACE}.Debug|Win32.ActiveCfg = Debug|Win32
		{1A8CAB71-3E05-4AB5-8F5B-8EAC85998ACE}.Debug|Win32.Build.0 = Debug|Win32
		{1A8CAB71-3E05-4AB5-8F5B-8EAC85998ACE}.Release|Win32.ActiveCfg = Release|Win32
		{1A8CAB71-3E05-4AB5-8F5B-8EAC85998ACE}.Release|Win32.Build.0 = Release|Win32
		{2BD6651E-4BBF-472E-B70F-A01C3AD1D2F0}.Debug|Win32.ActiveCfg = Debug|Win32
		{2BD6651E-4BBF-472E-B70F-A01C3AD1D2F0}.Debug|Win32.Build.0 = Debug|Win32
		{2BD6651E-4BBF-472E-B70F-A01C3AD1D2F0}.Release|Win32.ActiveCfg = Release|Win32
		{2BD6651E-4BBF-472E-B70F-A01C3AD1D2F0}.Release|Win32.Build.0 = Release|Win32
		{B42214B9-4674-4DAC-A01F-9049222F0170}.Debug|Win32.ActiveCfg = Debug|Win32
		{B42214B9-4674-4DAC-A01F-9049222F0170}.Debug|Win32.Build.0 = Debug|Win32
		{B42214B9-4674-4DAC-A01F-9049222F0170}.Release|Win32.ActiveCfg = Release|Win32
		{B42214B9-4674-4DAC-A01F-9049222F0170}.Release|Win32.Build.0 = Release|Win32
		{A5C8E262-ED3F-4803-BBD7-51B74D74FA74}.Debug|Win32.ActiveCfg = Debug|Win32
		{A5C8E262-ED3F-4803-BBD7-51B74D74FA74}.Debug|Win32.Build.0 = Debug|Win32
		{A5C8E262-ED3F-4803-BBD7-51B74D74FA74}.Release|Win32.ActiveCfg = Release|Win32
		{A5C8E262-ED3F-4803-BBD7-51B74D74FA74}.Release|Win32.Build.0 = Release|Win32
		{B36DB304-DF8E-4186-B1E2-83133FAA2258}.Debug|Win32.ActiveCfg = Debug|Win32
		{B36DB304-DF8E-4186-B1E2-83133FAA2258}.Debug|Win32.Build.0 = Debug|Win32
		{B36DB304-DF8E-4186-B1E2-83133FAA2258}.Release|Win32.ActiveCfg = Release|Win32
		{B36DB304-DF8E-4186-B1E2-83133FAA2258}.Release|Win32.Build.0 = Release|Win32
		{269B9C83-71B8-46C8-8320-3CF21376C411}.Debug|Win32.ActiveCfg = Debug|Win32
		{269B9C83-71B8-46C8-8320-3CF21376C411}.Debug|Win32.Build.0 = Debug|Win32
		{269B9C83-71B8-46C8-8320-3CF21376C411}.Release|Win32.ActiveCfg = Release|Win32
		{269B9C83-71B8-46C8-8320-3CF21376C411}.Release|Win32.Build.0 = Release|Win32
		{82AA6987-8982-46DF-BF9F-0EA0AB079D70}.Debug|Win32.ActiveCfg = Debug|Win32
		{82AA6987-8982-46DF-BF9F-0EA0AB079D70}.Debug|Win32.Build.0 = Debug|Win32
		{82AA6987-8982-46DF-BF9F-0EA0AB079D70}.Release|Win32.ActiveCfg = Release|Win32
		{82AA6987-8982-46DF-BF9F-0EA0AB079D70}.Release|Win32.Build.0 = Release|Win32
		{47A653F9-8688-472A-9EB4-C24473558304}.Debug|Win32.ActiveCfg = Debug|Win32
		{47A653F9-8688-472A-9EB4-C24473558304}.Debug|Win32.Build.0 = Debug|Win32
		{47A653F9-8688-472A-9EB4-C24473558304}.Release|Win32.ActiveCfg = Release|Win32
		{47A653F9-8688-472A-9EB4-C24473558304}.Release|Win32.Build.0 = Release|Win32
		{60901217-009B-4368-983F-183E7BEA1670}.Debug|Win32.ActiveCfg = Debug|Win32
		{60901217-009B-4368-983F-183E7BEA1670}.Debug|Win32.Build.0 = Debug|Win32
		{60901217-009B-4368-983F-183E7BEA1670}.Release|Win32.ActiveCfg = Release|Win32
		{60901217-009B-4368-983F-183E7BEA1670}.Release|Win32.Build.0 = Release|Win32
		{36964E2D-516C-49FC-8B68-09B2170FD5F5}.Debug|Win32.ActiveCfg = Debug|Win32
		{36964E2D-516C-49FC-8B68-09B2170FD5F5}.Debug|Win32.Build.0 = Debug|Win32
		{36964E2D-516C-49FC-8B68-09B2170FD5F5}.Release|Win32.ActiveCfg = Release|Win32
		{36964E2D-516C-49FC-8B68-09B2170FD5F5}.Release|Win32.Build.0 = Release|Win32
		{65CCA5C6-D7E5-4BF8-8E15-2A269792A1A5}.Debug|Win32.ActiveCfg = Debug|Win32
		{65CCA5C6-D7E5-4BF8-8E15-2A269792A1A5}.Debug|Win32.Build.0 = Debug|Win32
		{65CCA5C6-D7E5-4BF8-8E15-2A269792A1A5}.Release|Win32.ActiveCfg = Release|Win32
		{65CCA5C6-D7E5-4BF8-8E15-2A269792A1A5}.Release|Win32.Build.0 = Release|Win32
		{77D64836-46DE-47FE-B524-F58D5C501B12}.Debug|Win32.ActiveCfg = Debug|Win32
		{77D64836-46DE-47FE-B524-F58D5C501B12}.Debug|Win32.Build.0 = Debug|Win32
		{77D64836-46DE-47FE-B524-F58D5C501B12}.Release|Win32.ActiveCfg = Release|Win32
		{77D64836-46DE-47FE-B524-F58D5C501B12}.Release|Win32.Build.0 = Release|Win32
		{93663CFD-5D90-45C7-BFF6-4E4758E0DF5B}.Debug|Win32.ActiveCfg = Debug|Win32
		{93663CFD-5D90-45C7-BFF6-4E4758E0DF5B}.Debug|Win32.Build.0 = Debug|Win32
		{93663CFD-5D90-45C7-BFF6-4E4758E0DF5B}.Release|Win32.ActiveCfg = Release|Win32
		{93663CFD-5D90-45C7-BFF6-4E4758E0DF5B}.Release|Win32.Build.0 = Release|Win32
		{7B544563-E488-4EC1-8474-C1DD137B5FA2}.Debug|Win32.ActiveCfg = Debug|Win32
		{7B544563-E488-4EC1-8474-C1DD137B5FA2}.Debug|Win32.Build.0 = Debug|Win32
		{7B544563-E488-4EC1-8474-C1DD137B5FA2}.Release|Win32.ActiveCfg = Release|Win32
		{7B544563-E488-4EC1-8474-C1DD137B5FA2}.Release|Win32.Build.0 = Release|Win32
		{904023A7-FA65-4948-8970-C0063BA282DC}.Debug|Win32.ActiveCfg = Debug|Win32
		{904023A7-FA65-4948-8970-C0063BA282DC}.Debug|Win32.Build.0 = Debug|Win32
		{904023A7-FA65-4948-8970-C0063BA282DC}.Release|Win32.ActiveCfg = Release|Win32
		{904023A7-FA65-4948-8970-C0063BA282DC}.Release|Win32.Build.0 = Release|Win32
		{4F6E6360-E660-421E-8A6D-135EC7DAA27D}.Debug|Win32.ActiveCfg = Debug|Win32
		{4F6E6360-E660-421E-8A6D-135EC7DAA27D}.Debug|Win32.Build.0 = Debug|Win32
		{4F6E6360-E660-421E-8A6D-135EC7DAA27D}.Release|Win32.ActiveCfg = Release|Win32
		{4F6E6360-E660-421E-8A6D-135EC7DAA27D}.Release|Win32.Build.0 = Release|Win32
		{EE95CA9F-F444-49B6-8F25-778FD27F9DCF}.Debug|Win32.ActiveCfg = Debug|Win32
		{EE95CA9F-F444-49B6-8F25-778FD27F9DCF}.Debug|Win32.Build.0 = Debug|Win32
		{EE95CA9F-F444-49B6-8F25-778FD27F9DCF}.Release|Win32.ActiveCfg = Release|Win32
		{EE95CA9F-F444-49B6-8F25-778FD27F9DCF}.Release|Win32.Build.0 = Release|Win32
		{1106F011-DC07-48F1-B1A4-22E479B005AD}.Debug|Win32.ActiveCfg = Debug|Win32
		{1106F011-DC07-48F1-B1A4-22E479B005AD}.Debug|Win32.Build.0 = Debug|Win32
		{1106F011-DC07-48F1-B1A4-22E479B005AD}.Release|Win32.ActiveCfg = Release|Win32
		{1106F011-DC07-48F1-B1A4-22E479B005AD}.Release|Win32.Build.0 = Release|Win32
		{42478342-789A-4EFA-92ED-92276AAE5353}.Debug|Win32.ActiveCfg = Debug|Win32
		{42478342-789A-4EFA-92ED-92276AAE5353}.Debug|Win32.Build.0 = Debug|Win32
		{42478342-789A-4EFA-92ED-92276AAE5353}.Release|Win32.ActiveCfg = Release|Win32
		{42478342-789A-4EFA-92ED-92276AAE5353}.Release|Win32.Build.0 = Release|Win32
		{07828401-9C77-400D-B620-E24EFBCD9156}.Debug|Win32.ActiveCfg = Debug|Win32
		{07828401-9C77-400D-B620-E24EFBCD9156}.Debug|Win32.Build.0 = Debug|Win32
		{07828401-9C77-400D-B620-E24EFBCD9156}.Release|Win32.ActiveCfg = Release|Win32
		{07828401-9C77-400D-B620-E24EFBCD9156}.Release|Win32.Build.0 = Release|Win32
		{12C78B4B-0C31-40A4-BCE3-E0C450C273B9}.Debug|Win32.ActiveCfg = Debug|Win32
		{12C78B4B-0C31-40A4-BCE3-E0C450C273B9}.Debug|Win32.Build.0 = Debug|Win32
		{12C78B4B-0C31-40A4-BCE3-E0C450C273B9}.Release|Win32.ActiveCfg = Release|Win32
		{12C78B4B-0C31-40A4-BCE3-E0C450C273B9}.Release|Win32.Build.0 = Release|Win32
		{BEA64575-6141-4163-BF48-19A64533AB99}.Debug|Win32.ActiveCfg = Debug|Win32
		{BEA64575-6141-4163-BF48-19A64533AB99}.Debug|Win32.Build.0 = Debug|Win32
		{BEA64575-6141-4163-BF48-19A64533AB99}.Release|Win32.ActiveCfg = Release|Win32
		{BEA64575-6141-4163-BF48-19A64533AB99}.Release|Win32.Build.0 = Release|Win32
		{8AB64354-1EBD-47FB-8E77-AA2536057DED}.Debug|Win32.ActiveCfg = Debug|Win32
		{8AB64354-1EBD-47FB-8E77-AA2536057DED}.Debug|Win32.Build.0 = Debug|Win32
		{8AB64354-1EBD-47FB-8E77-AA2536057DED}.Release|Win32.ActiveCfg = Release|Win32
		{8AB64354-1EBD-47FB-8E77-AA2536057DED}.Release|Win32.Build.0 = Release|Win32
		{9E406CD2-2447-44BB-BBBD-BEB5419D983D}.Debug|Win32.ActiveCfg = Debug|Win32
		{9E406CD2-2447-44BB-BBBD-BEB5419D983D}.Debug|Win32.Build.0 = Debug|Win32
		{9E406CD2-2447-44BB-BBBD-BEB5419D983D}.Release|Win32.ActiveCfg = Release|Win32
		{9E406CD2-2447-44BB-BBBD-BEB5419D983D}.Release|Win32.Build.0 = Release|Win32
		{27637B22-09F0-47D2-A024-1C4C751BC9F4}.Debug|Win32.ActiveCfg = Debug|Win32
		{27637B22-09F0-47D2-A024-1C4C751BC9F4}.Debug|Win32.Build.0 = Debug|Win32
		{27637B22-09F0-47D2-A024-1C4C751BC9F4}.Release|Win32.ActiveCfg = Release|Win32
		{27637B22-09F0-47D2-A024-1C4C751BC9F4}.Release|Win32.Build.0 = Release|Win32
		{D5CCA460-3DDB-4E6F-8828-9378DAA804BC}.Debug|Win32.ActiveCfg = Debug|Win32
		{D5CCA460-3DDB-4E6F-8828-9378DAA804BC}.Debug|Win32.Build.0 = Debug|Win32
		{D5CCA460-3DDB-4E6F-8828-9378DAA804BC}.Release|Win32.ActiveCfg = Release|Win32
		{D5CCA460-3DDB-4E6F-8828-9378DAA804BC}.Release|Win32.Build.0 = Release|Win32
		{44ECBC21-172B-4530-86BB-89E243414FD8}.Debug|Win32.ActiveCfg = Debug|Win32
		{44ECBC21-172B-4530-86BB-89E243414FD8}.Debug|Win32.Build.0 = Debug|Win32
		{44ECBC21-172B-4530-86BB-89E243414FD8}.Release|Win32.ActiveCfg = Release|Win32
		{44ECBC21-172B-4530-86BB-89E243414FD8}.Release|Win32.Build.0 = Release|Win32
		{4EC7FBFA-9443-47B8-8594-02F640E28048}.Debug|Win32.ActiveCfg = Debug|Win32
		{4EC7FBFA-9443-47B8-8594-02F640E28048}.Debug|Win32.Build.0 = Debug|Win32
		{4EC7FBFA-9443-47B8-8594-02F640E28048}.Release|Win32.ActiveCfg = Release|Win32
		{4EC7FBFA-9443-47B8-8594-02F640E28048}.Release|Win32.Build.0 = Release|Win32
		{206907BC-E0F5-478B-AB11-A9D03ADF4E2A}.Debug|Win32.ActiveCfg = Debug|Win32
		{206907BC-E0F5-478B-AB11-A9D03ADF4E2A}.Debug|Win32.Build.0 = Debug|Win32
		{206907BC-E0F5-478B-AB11-A9D03ADF4E2A}.Release|Win32.ActiveCfg = Release|Win32
		{206907BC-E0F5-478B-AB11-A9D03ADF4E2A}.Release|Win32.Build.0 = Release|Win32
		{0883AF03-89EA-4F0D-A00B-053A3AE7295E}.Debug|Win32.ActiveCfg = Debug|Win32
		{0883AF03-89EA-4F0D-A00B-053A3AE7295E}.Debug|Win32.Build.0 = Debug|Win32
		{0883AF03-89EA-4F0D-A00B-053A3AE7295E}.Release|Win32.ActiveCfg = Release|Win32
		{0883AF03-89EA-4F0D-A00B-053A3AE7295E}.Release|Win32.Build.0 = Release|Win32
	EndGlobalSection
	GlobalSection(SolutionProperties) = preSolution
		HideSolutionNode = FALSE
	EndGlobalSection
EndGlobal
